// !$*UTF8*$!
{
	archiveVersion = 1;
	classes = {
	};
	objectVersion = 56;
	objects = {

/* Begin PBXBuildFile section */
		0E1646772C635A7B00811FAC /* PostCell.swift in Sources */ = {isa = PBXBuildFile; fileRef = 0E1646762C635A7B00811FAC /* PostCell.swift */; };
		0E16468E2C63688600811FAC /* PostView.swift in Sources */ = {isa = PBXBuildFile; fileRef = 0E16468D2C63688600811FAC /* PostView.swift */; };
		0E17FA512C6B5D080078318E /* LaunchScreenViewModel.swift in Sources */ = {isa = PBXBuildFile; fileRef = 0E17FA502C6B5D080078318E /* LaunchScreenViewModel.swift */; };
		0E17FA532C6B60280078318E /* AppLogoView.swift in Sources */ = {isa = PBXBuildFile; fileRef = 0E17FA522C6B60280078318E /* AppLogoView.swift */; };
		0E17FA552C6B61010078318E /* AuthenticationHeaderCell.swift in Sources */ = {isa = PBXBuildFile; fileRef = 0E17FA542C6B61000078318E /* AuthenticationHeaderCell.swift */; };
		0E18CC732C65804900D358D0 /* Post.swift in Sources */ = {isa = PBXBuildFile; fileRef = 0E18CC722C65804900D358D0 /* Post.swift */; };
		0E37C8582C683645003787BD /* CreateBoard.swift in Sources */ = {isa = PBXBuildFile; fileRef = 0E37C8572C683645003787BD /* CreateBoard.swift */; };
		0E37C85A2C684328003787BD /* BoardsView.swift in Sources */ = {isa = PBXBuildFile; fileRef = 0E37C8592C684328003787BD /* BoardsView.swift */; };
		0E4F7FAD2C6B4E9B00ECE8E3 /* TriggerButton.swift in Sources */ = {isa = PBXBuildFile; fileRef = 0E4F7FAC2C6B4E9B00ECE8E3 /* TriggerButton.swift */; };
		0E8315DB2C66A64B00066274 /* Board.swift in Sources */ = {isa = PBXBuildFile; fileRef = 0E8315DA2C66A64B00066274 /* Board.swift */; };
		0EBACDA72C69874B00055CC6 /* AuthenticationView.swift in Sources */ = {isa = PBXBuildFile; fileRef = 0EBACDA62C69874B00055CC6 /* AuthenticationView.swift */; };
		0EC20D5E2C6344000063503B /* WeApp.swift in Sources */ = {isa = PBXBuildFile; fileRef = 0EC20D5D2C6344000063503B /* WeApp.swift */; };
		0EC20D602C6344000063503B /* ContentView.swift in Sources */ = {isa = PBXBuildFile; fileRef = 0EC20D5F2C6344000063503B /* ContentView.swift */; };
		0EC20D622C6344010063503B /* Assets.xcassets in Resources */ = {isa = PBXBuildFile; fileRef = 0EC20D612C6344010063503B /* Assets.xcassets */; };
		0EC20D662C6344010063503B /* Preview Assets.xcassets in Resources */ = {isa = PBXBuildFile; fileRef = 0EC20D652C6344010063503B /* Preview Assets.xcassets */; };
		0EC20D7E2C63465E0063503B /* HomeView.swift in Sources */ = {isa = PBXBuildFile; fileRef = 0EC20D7D2C63465E0063503B /* HomeView.swift */; };
		0EC20D832C6346850063503B /* ProfileView.swift in Sources */ = {isa = PBXBuildFile; fileRef = 0EC20D822C6346850063503B /* ProfileView.swift */; };
		0EC20D872C63469D0063503B /* ExploreView.swift in Sources */ = {isa = PBXBuildFile; fileRef = 0EC20D862C63469D0063503B /* ExploreView.swift */; };
		0EC20D8B2C6346D10063503B /* LoginView.swift in Sources */ = {isa = PBXBuildFile; fileRef = 0EC20D8A2C6346D10063503B /* LoginView.swift */; };
		0EC20D8E2C6346DF0063503B /* RegistrationView.swift in Sources */ = {isa = PBXBuildFile; fileRef = 0EC20D8D2C6346DF0063503B /* RegistrationView.swift */; };
		0EC20D912C6347090063503B /* ActivityView.swift in Sources */ = {isa = PBXBuildFile; fileRef = 0EC20D902C6347090063503B /* ActivityView.swift */; };
		0EC20D932C63472D0063503B /* LaunchScreenView.swift in Sources */ = {isa = PBXBuildFile; fileRef = 0EC20D922C63472D0063503B /* LaunchScreenView.swift */; };
		0EC20D952C6347390063503B /* OnboardingView.swift in Sources */ = {isa = PBXBuildFile; fileRef = 0EC20D942C6347390063503B /* OnboardingView.swift */; };
		0EC20D992C63476E0063503B /* TabView.swift in Sources */ = {isa = PBXBuildFile; fileRef = 0EC20D982C63476E0063503B /* TabView.swift */; };
		0EC20D9E2C634D170063503B /* OnboardingViewModel.swift in Sources */ = {isa = PBXBuildFile; fileRef = 0EC20D9D2C634D170063503B /* OnboardingViewModel.swift */; };
		0EC20DA02C634D260063503B /* OnboardingModel.swift in Sources */ = {isa = PBXBuildFile; fileRef = 0EC20D9F2C634D260063503B /* OnboardingModel.swift */; };
		0EC20DA32C6353D20063503B /* ContainerView.swift in Sources */ = {isa = PBXBuildFile; fileRef = 0EC20DA22C6353D20063503B /* ContainerView.swift */; };
		0EC20DA92C63546F0063503B /* CreateView.swift in Sources */ = {isa = PBXBuildFile; fileRef = 0EC20DA82C63546F0063503B /* CreateView.swift */; };
		0EC20DAC2C6354CA0063503B /* CircularProfileImageView.swift in Sources */ = {isa = PBXBuildFile; fileRef = 0EC20DAB2C6354CA0063503B /* CircularProfileImageView.swift */; };
		0EC20DAF2C6354E40063503B /* Kingfisher in Frameworks */ = {isa = PBXBuildFile; productRef = 0EC20DAE2C6354E40063503B /* Kingfisher */; };
		0EC20DB22C6355730063503B /* User.swift in Sources */ = {isa = PBXBuildFile; fileRef = 0EC20DB12C6355730063503B /* User.swift */; };
		0EC6FB6F2C6816CE00A6513B /* BoardView.swift in Sources */ = {isa = PBXBuildFile; fileRef = 0EC6FB6E2C6816CE00A6513B /* BoardView.swift */; };
		0EC9F57A2C67562100A6321C /* FullScreenMediaViewer.swift in Sources */ = {isa = PBXBuildFile; fileRef = 0EC9F5792C67562100A6321C /* FullScreenMediaViewer.swift */; };
		0EC9F57C2C675A2F00A6321C /* ScrollMediaView.swift in Sources */ = {isa = PBXBuildFile; fileRef = 0EC9F57B2C675A2F00A6321C /* ScrollMediaView.swift */; };
		0EDA3C902C748B23004EB089 /* AuthenticationViewModel.swift in Sources */ = {isa = PBXBuildFile; fileRef = 0EDA3C8F2C748B23004EB089 /* AuthenticationViewModel.swift */; };
		0EDA3C962C748B69004EB089 /* VerifyView.swift in Sources */ = {isa = PBXBuildFile; fileRef = 0EDA3C952C748B69004EB089 /* VerifyView.swift */; };
		0EDA3C982C748B74004EB089 /* VerifyViewModel.swift in Sources */ = {isa = PBXBuildFile; fileRef = 0EDA3C972C748B74004EB089 /* VerifyViewModel.swift */; };
		0EDA3C9B2C748D92004EB089 /* RegistrationViewModel.swift in Sources */ = {isa = PBXBuildFile; fileRef = 0EDA3C9A2C748D92004EB089 /* RegistrationViewModel.swift */; };
		0EDA3CA02C74A0F4004EB089 /* CompletedRegistrationView.swift in Sources */ = {isa = PBXBuildFile; fileRef = 0EDA3C9F2C74A0F4004EB089 /* CompletedRegistrationView.swift */; };
		0EDA3CA32C74A598004EB089 /* LoginViewModel.swift in Sources */ = {isa = PBXBuildFile; fileRef = 0EDA3CA22C74A598004EB089 /* LoginViewModel.swift */; };
		0EED79BB2C75C7EE003E7536 /* ChangePasswordView.swift in Sources */ = {isa = PBXBuildFile; fileRef = 0EED79BA2C75C7EE003E7536 /* ChangePasswordView.swift */; };
		0EED79BE2C75C7FE003E7536 /* ChangePasswordViewModel.swift in Sources */ = {isa = PBXBuildFile; fileRef = 0EED79BD2C75C7FE003E7536 /* ChangePasswordViewModel.swift */; };
		0EFF6E4C2C6BFA310054A4DA /* AppIconView.swift in Sources */ = {isa = PBXBuildFile; fileRef = 0EFF6E4B2C6BFA310054A4DA /* AppIconView.swift */; };
		0EFF6E502C6C06830054A4DA /* AppIconViewModel.swift in Sources */ = {isa = PBXBuildFile; fileRef = 0EFF6E4F2C6C06830054A4DA /* AppIconViewModel.swift */; };
/* End PBXBuildFile section */

/* Begin PBXFileReference section */
		0E1646762C635A7B00811FAC /* PostCell.swift */ = {isa = PBXFileReference; lastKnownFileType = sourcecode.swift; path = PostCell.swift; sourceTree = "<group>"; };
		0E16468D2C63688600811FAC /* PostView.swift */ = {isa = PBXFileReference; lastKnownFileType = sourcecode.swift; path = PostView.swift; sourceTree = "<group>"; };
		0E17FA502C6B5D080078318E /* LaunchScreenViewModel.swift */ = {isa = PBXFileReference; lastKnownFileType = sourcecode.swift; path = LaunchScreenViewModel.swift; sourceTree = "<group>"; };
		0E17FA522C6B60280078318E /* AppLogoView.swift */ = {isa = PBXFileReference; lastKnownFileType = sourcecode.swift; path = AppLogoView.swift; sourceTree = "<group>"; };
		0E17FA542C6B61000078318E /* AuthenticationHeaderCell.swift */ = {isa = PBXFileReference; lastKnownFileType = sourcecode.swift; path = AuthenticationHeaderCell.swift; sourceTree = "<group>"; };
		0E18CC722C65804900D358D0 /* Post.swift */ = {isa = PBXFileReference; lastKnownFileType = sourcecode.swift; path = Post.swift; sourceTree = "<group>"; };
		0E37C8572C683645003787BD /* CreateBoard.swift */ = {isa = PBXFileReference; lastKnownFileType = sourcecode.swift; path = CreateBoard.swift; sourceTree = "<group>"; };
		0E37C8592C684328003787BD /* BoardsView.swift */ = {isa = PBXFileReference; lastKnownFileType = sourcecode.swift; path = BoardsView.swift; sourceTree = "<group>"; };
		0E4F7FAC2C6B4E9B00ECE8E3 /* TriggerButton.swift */ = {isa = PBXFileReference; lastKnownFileType = sourcecode.swift; path = TriggerButton.swift; sourceTree = "<group>"; };
		0E8315DA2C66A64B00066274 /* Board.swift */ = {isa = PBXFileReference; lastKnownFileType = sourcecode.swift; path = Board.swift; sourceTree = "<group>"; };
		0EBACDA62C69874B00055CC6 /* AuthenticationView.swift */ = {isa = PBXFileReference; lastKnownFileType = sourcecode.swift; path = AuthenticationView.swift; sourceTree = "<group>"; };
		0EC20D5A2C6344000063503B /* We.app */ = {isa = PBXFileReference; explicitFileType = wrapper.application; includeInIndex = 0; path = We.app; sourceTree = BUILT_PRODUCTS_DIR; };
		0EC20D5D2C6344000063503B /* WeApp.swift */ = {isa = PBXFileReference; lastKnownFileType = sourcecode.swift; path = WeApp.swift; sourceTree = "<group>"; };
		0EC20D5F2C6344000063503B /* ContentView.swift */ = {isa = PBXFileReference; lastKnownFileType = sourcecode.swift; path = ContentView.swift; sourceTree = "<group>"; };
		0EC20D612C6344010063503B /* Assets.xcassets */ = {isa = PBXFileReference; lastKnownFileType = folder.assetcatalog; path = Assets.xcassets; sourceTree = "<group>"; };
		0EC20D632C6344010063503B /* We.entitlements */ = {isa = PBXFileReference; lastKnownFileType = text.plist.entitlements; path = We.entitlements; sourceTree = "<group>"; };
		0EC20D652C6344010063503B /* Preview Assets.xcassets */ = {isa = PBXFileReference; lastKnownFileType = folder.assetcatalog; path = "Preview Assets.xcassets"; sourceTree = "<group>"; };
		0EC20D7D2C63465E0063503B /* HomeView.swift */ = {isa = PBXFileReference; lastKnownFileType = sourcecode.swift; path = HomeView.swift; sourceTree = "<group>"; };
		0EC20D822C6346850063503B /* ProfileView.swift */ = {isa = PBXFileReference; lastKnownFileType = sourcecode.swift; path = ProfileView.swift; sourceTree = "<group>"; };
		0EC20D862C63469D0063503B /* ExploreView.swift */ = {isa = PBXFileReference; lastKnownFileType = sourcecode.swift; path = ExploreView.swift; sourceTree = "<group>"; };
		0EC20D8A2C6346D10063503B /* LoginView.swift */ = {isa = PBXFileReference; lastKnownFileType = sourcecode.swift; path = LoginView.swift; sourceTree = "<group>"; };
		0EC20D8D2C6346DF0063503B /* RegistrationView.swift */ = {isa = PBXFileReference; lastKnownFileType = sourcecode.swift; path = RegistrationView.swift; sourceTree = "<group>"; };
		0EC20D902C6347090063503B /* ActivityView.swift */ = {isa = PBXFileReference; lastKnownFileType = sourcecode.swift; path = ActivityView.swift; sourceTree = "<group>"; };
		0EC20D922C63472D0063503B /* LaunchScreenView.swift */ = {isa = PBXFileReference; lastKnownFileType = sourcecode.swift; path = LaunchScreenView.swift; sourceTree = "<group>"; };
		0EC20D942C6347390063503B /* OnboardingView.swift */ = {isa = PBXFileReference; lastKnownFileType = sourcecode.swift; path = OnboardingView.swift; sourceTree = "<group>"; };
		0EC20D982C63476E0063503B /* TabView.swift */ = {isa = PBXFileReference; lastKnownFileType = sourcecode.swift; path = TabView.swift; sourceTree = "<group>"; };
		0EC20D9D2C634D170063503B /* OnboardingViewModel.swift */ = {isa = PBXFileReference; lastKnownFileType = sourcecode.swift; path = OnboardingViewModel.swift; sourceTree = "<group>"; };
		0EC20D9F2C634D260063503B /* OnboardingModel.swift */ = {isa = PBXFileReference; lastKnownFileType = sourcecode.swift; path = OnboardingModel.swift; sourceTree = "<group>"; };
		0EC20DA22C6353D20063503B /* ContainerView.swift */ = {isa = PBXFileReference; lastKnownFileType = sourcecode.swift; path = ContainerView.swift; sourceTree = "<group>"; };
		0EC20DA82C63546F0063503B /* CreateView.swift */ = {isa = PBXFileReference; lastKnownFileType = sourcecode.swift; path = CreateView.swift; sourceTree = "<group>"; };
		0EC20DAB2C6354CA0063503B /* CircularProfileImageView.swift */ = {isa = PBXFileReference; lastKnownFileType = sourcecode.swift; path = CircularProfileImageView.swift; sourceTree = "<group>"; };
		0EC20DB12C6355730063503B /* User.swift */ = {isa = PBXFileReference; lastKnownFileType = sourcecode.swift; path = User.swift; sourceTree = "<group>"; };
		0EC6FB6E2C6816CE00A6513B /* BoardView.swift */ = {isa = PBXFileReference; lastKnownFileType = sourcecode.swift; path = BoardView.swift; sourceTree = "<group>"; };
		0EC9F5792C67562100A6321C /* FullScreenMediaViewer.swift */ = {isa = PBXFileReference; lastKnownFileType = sourcecode.swift; path = FullScreenMediaViewer.swift; sourceTree = "<group>"; };
		0EC9F57B2C675A2F00A6321C /* ScrollMediaView.swift */ = {isa = PBXFileReference; lastKnownFileType = sourcecode.swift; path = ScrollMediaView.swift; sourceTree = "<group>"; };
		0EDA3C8F2C748B23004EB089 /* AuthenticationViewModel.swift */ = {isa = PBXFileReference; lastKnownFileType = sourcecode.swift; path = AuthenticationViewModel.swift; sourceTree = "<group>"; };
		0EDA3C952C748B69004EB089 /* VerifyView.swift */ = {isa = PBXFileReference; lastKnownFileType = sourcecode.swift; path = VerifyView.swift; sourceTree = "<group>"; };
		0EDA3C972C748B74004EB089 /* VerifyViewModel.swift */ = {isa = PBXFileReference; lastKnownFileType = sourcecode.swift; path = VerifyViewModel.swift; sourceTree = "<group>"; };
		0EDA3C9A2C748D92004EB089 /* RegistrationViewModel.swift */ = {isa = PBXFileReference; lastKnownFileType = sourcecode.swift; path = RegistrationViewModel.swift; sourceTree = "<group>"; };
		0EDA3C9F2C74A0F4004EB089 /* CompletedRegistrationView.swift */ = {isa = PBXFileReference; lastKnownFileType = sourcecode.swift; path = CompletedRegistrationView.swift; sourceTree = "<group>"; };
		0EDA3CA22C74A598004EB089 /* LoginViewModel.swift */ = {isa = PBXFileReference; lastKnownFileType = sourcecode.swift; path = LoginViewModel.swift; sourceTree = "<group>"; };
		0EED79BA2C75C7EE003E7536 /* ChangePasswordView.swift */ = {isa = PBXFileReference; lastKnownFileType = sourcecode.swift; path = ChangePasswordView.swift; sourceTree = "<group>"; };
		0EED79BD2C75C7FE003E7536 /* ChangePasswordViewModel.swift */ = {isa = PBXFileReference; lastKnownFileType = sourcecode.swift; path = ChangePasswordViewModel.swift; sourceTree = "<group>"; };
		0EFF6E4B2C6BFA310054A4DA /* AppIconView.swift */ = {isa = PBXFileReference; lastKnownFileType = sourcecode.swift; path = AppIconView.swift; sourceTree = "<group>"; };
		0EFF6E4F2C6C06830054A4DA /* AppIconViewModel.swift */ = {isa = PBXFileReference; lastKnownFileType = sourcecode.swift; path = AppIconViewModel.swift; sourceTree = "<group>"; };
/* End PBXFileReference section */

/* Begin PBXFrameworksBuildPhase section */
		0EC20D572C6344000063503B /* Frameworks */ = {
			isa = PBXFrameworksBuildPhase;
			buildActionMask = 2147483647;
			files = (
				0EC20DAF2C6354E40063503B /* Kingfisher in Frameworks */,
			);
			runOnlyForDeploymentPostprocessing = 0;
		};
/* End PBXFrameworksBuildPhase section */

/* Begin PBXGroup section */
		0E1646722C63596700811FAC /* App */ = {
			isa = PBXGroup;
			children = (
				0EC20D5D2C6344000063503B /* WeApp.swift */,
			);
			path = App;
			sourceTree = "<group>";
		};
		0E1646732C6359EB00811FAC /* Utils */ = {
			isa = PBXGroup;
			children = (
				0E16468A2C6364F400811FAC /* ViewModifiers */,
			);
			path = Utils;
			sourceTree = "<group>";
		};
		0E1646742C6359F100811FAC /* Extensions */ = {
			isa = PBXGroup;
			children = (
			);
			path = Extensions;
			sourceTree = "<group>";
		};
		0E1646752C635A0600811FAC /* Services */ = {
			isa = PBXGroup;
			children = (
			);
			path = Services;
			sourceTree = "<group>";
		};
		0E1646782C635A9100811FAC /* Post */ = {
			isa = PBXGroup;
			children = (
				0E4F7FAE2C6B52CB00ECE8E3 /* CreatePost */,
				0E16467B2C635AAA00811FAC /* View */,
				0E1646792C635A9F00811FAC /* ViewModel */,
			);
			path = Post;
			sourceTree = "<group>";
		};
		0E1646792C635A9F00811FAC /* ViewModel */ = {
			isa = PBXGroup;
			children = (
			);
			path = ViewModel;
			sourceTree = "<group>";
		};
		0E16467B2C635AAA00811FAC /* View */ = {
			isa = PBXGroup;
			children = (
				0E16468D2C63688600811FAC /* PostView.swift */,
			);
			path = View;
			sourceTree = "<group>";
		};
		0E16468A2C6364F400811FAC /* ViewModifiers */ = {
			isa = PBXGroup;
			children = (
			);
			path = ViewModifiers;
			sourceTree = "<group>";
		};
		0E17FA4F2C6B5CF80078318E /* ViewModel */ = {
			isa = PBXGroup;
			children = (
				0E17FA502C6B5D080078318E /* LaunchScreenViewModel.swift */,
			);
			path = ViewModel;
			sourceTree = "<group>";
		};
		0E37C8552C683635003787BD /* CreateBoard */ = {
			isa = PBXGroup;
			children = (
				0E37C8562C68363B003787BD /* View */,
			);
			path = CreateBoard;
			sourceTree = "<group>";
		};
		0E37C8562C68363B003787BD /* View */ = {
			isa = PBXGroup;
			children = (
				0E37C8572C683645003787BD /* CreateBoard.swift */,
			);
			path = View;
			sourceTree = "<group>";
		};
		0E4F7FAE2C6B52CB00ECE8E3 /* CreatePost */ = {
			isa = PBXGroup;
			children = (
				0EC20DA72C6354620063503B /* View */,
				0EC20DA52C6354530063503B /* ViewModel */,
			);
			path = CreatePost;
			sourceTree = "<group>";
		};
		0E8367182C65EC8700D6E4A1 /* Boards */ = {
			isa = PBXGroup;
			children = (
				0EC6FB6C2C6816BE00A6513B /* Board */,
				0E37C8552C683635003787BD /* CreateBoard */,
				0E83671B2C65ECA500D6E4A1 /* View */,
				0E8367192C65EC9700D6E4A1 /* ViewModel */,
			);
			path = Boards;
			sourceTree = "<group>";
		};
		0E8367192C65EC9700D6E4A1 /* ViewModel */ = {
			isa = PBXGroup;
			children = (
			);
			path = ViewModel;
			sourceTree = "<group>";
		};
		0E83671B2C65ECA500D6E4A1 /* View */ = {
			isa = PBXGroup;
			children = (
				0E37C8592C684328003787BD /* BoardsView.swift */,
			);
			path = View;
			sourceTree = "<group>";
		};
		0EBACDA42C69873000055CC6 /* ViewModel */ = {
			isa = PBXGroup;
			children = (
				0EDA3C8F2C748B23004EB089 /* AuthenticationViewModel.swift */,
			);
			path = ViewModel;
			sourceTree = "<group>";
		};
		0EBACDA52C69873A00055CC6 /* View */ = {
			isa = PBXGroup;
			children = (
				0EBACDA62C69874B00055CC6 /* AuthenticationView.swift */,
			);
			path = View;
			sourceTree = "<group>";
		};
		0EC20D512C6344000063503B = {
			isa = PBXGroup;
			children = (
				0EC20D5C2C6344000063503B /* We */,
				0EC20D5B2C6344000063503B /* Products */,
			);
			sourceTree = "<group>";
		};
		0EC20D5B2C6344000063503B /* Products */ = {
			isa = PBXGroup;
			children = (
				0EC20D5A2C6344000063503B /* We.app */,
			);
			name = Products;
			sourceTree = "<group>";
		};
		0EC20D5C2C6344000063503B /* We */ = {
			isa = PBXGroup;
			children = (
				0E1646722C63596700811FAC /* App */,
				0EC20DAA2C63549C0063503B /* Components */,
				0EC20D6C2C6344C90063503B /* Core */,
				0E1646742C6359F100811FAC /* Extensions */,
				0EC20DB02C6355580063503B /* Model */,
				0E1646752C635A0600811FAC /* Services */,
				0E1646732C6359EB00811FAC /* Utils */,
				0EC20D612C6344010063503B /* Assets.xcassets */,
				0EC20D632C6344010063503B /* We.entitlements */,
				0EC20D642C6344010063503B /* Preview Content */,
			);
			path = We;
			sourceTree = "<group>";
		};
		0EC20D642C6344010063503B /* Preview Content */ = {
			isa = PBXGroup;
			children = (
				0EC20D652C6344010063503B /* Preview Assets.xcassets */,
			);
			path = "Preview Content";
			sourceTree = "<group>";
		};
		0EC20D6C2C6344C90063503B /* Core */ = {
			isa = PBXGroup;
			children = (
				0EC20D752C6345480063503B /* Activity */,
				0EFF6E482C6BFA020054A4DA /* AppIcon */,
				0EC20D762C63454D0063503B /* Authentication */,
				0E8367182C65EC8700D6E4A1 /* Boards */,
				0EC20D742C6345010063503B /* Explore */,
				0EC20D722C6344F40063503B /* Home */,
				0EC20D702C6344E20063503B /* LaunchScreen */,
				0EC20D712C6344E80063503B /* Onboarding */,
				0E1646782C635A9100811FAC /* Post */,
				0EC20D6E2C6344D60063503B /* Profile */,
				0EC20D6F2C6344DD0063503B /* Root */,
				0EC20D962C63475D0063503B /* TabBar */,
			);
			path = Core;
			sourceTree = "<group>";
		};
		0EC20D6E2C6344D60063503B /* Profile */ = {
			isa = PBXGroup;
			children = (
				0EC20D812C63467E0063503B /* View */,
			);
			path = Profile;
			sourceTree = "<group>";
		};
		0EC20D6F2C6344DD0063503B /* Root */ = {
			isa = PBXGroup;
			children = (
				0EC20D842C63468D0063503B /* View */,
			);
			path = Root;
			sourceTree = "<group>";
		};
		0EC20D702C6344E20063503B /* LaunchScreen */ = {
			isa = PBXGroup;
			children = (
				0EC20D802C63467A0063503B /* View */,
				0E17FA4F2C6B5CF80078318E /* ViewModel */,
			);
			path = LaunchScreen;
			sourceTree = "<group>";
		};
		0EC20D712C6344E80063503B /* Onboarding */ = {
			isa = PBXGroup;
			children = (
				0EC20D9C2C634CFD0063503B /* Model */,
				0EC20D7F2C63466D0063503B /* View */,
				0EC20D9B2C634CF70063503B /* ViewModel */,
			);
			path = Onboarding;
			sourceTree = "<group>";
		};
		0EC20D722C6344F40063503B /* Home */ = {
			isa = PBXGroup;
			children = (
				0EC20D7C2C6346580063503B /* View */,
			);
			path = Home;
			sourceTree = "<group>";
		};
		0EC20D742C6345010063503B /* Explore */ = {
			isa = PBXGroup;
			children = (
				0EC20D852C6346970063503B /* View */,
			);
			path = Explore;
			sourceTree = "<group>";
		};
		0EC20D752C6345480063503B /* Activity */ = {
			isa = PBXGroup;
			children = (
				0EC20D8F2C6347010063503B /* View */,
			);
			path = Activity;
			sourceTree = "<group>";
		};
		0EC20D762C63454D0063503B /* Authentication */ = {
			isa = PBXGroup;
			children = (
				0EED79B72C75C7CB003E7536 /* ChangePassword */,
				0EDA3C9D2C74A0D9004EB089 /* CompletedRegistration */,
				0EC20D772C63455E0063503B /* Login */,
				0EC20D782C6345610063503B /* Registration */,
				0EDA3C922C748B49004EB089 /* Verify */,
				0EBACDA52C69873A00055CC6 /* View */,
				0EBACDA42C69873000055CC6 /* ViewModel */,
			);
			path = Authentication;
			sourceTree = "<group>";
		};
		0EC20D772C63455E0063503B /* Login */ = {
			isa = PBXGroup;
			children = (
				0EDA3CA12C74A57E004EB089 /* ViewModel */,
				0EC20D892C6346CC0063503B /* View */,
			);
			path = Login;
			sourceTree = "<group>";
		};
		0EC20D782C6345610063503B /* Registration */ = {
			isa = PBXGroup;
			children = (
				0EDA3C912C748B41004EB089 /* ViewModel */,
				0EC20D882C6346C70063503B /* View */,
			);
			path = Registration;
			sourceTree = "<group>";
		};
		0EC20D7C2C6346580063503B /* View */ = {
			isa = PBXGroup;
			children = (
				0EC20D7D2C63465E0063503B /* HomeView.swift */,
			);
			path = View;
			sourceTree = "<group>";
		};
		0EC20D7F2C63466D0063503B /* View */ = {
			isa = PBXGroup;
			children = (
				0EC20D942C6347390063503B /* OnboardingView.swift */,
			);
			path = View;
			sourceTree = "<group>";
		};
		0EC20D802C63467A0063503B /* View */ = {
			isa = PBXGroup;
			children = (
				0EC20D922C63472D0063503B /* LaunchScreenView.swift */,
			);
			path = View;
			sourceTree = "<group>";
		};
		0EC20D812C63467E0063503B /* View */ = {
			isa = PBXGroup;
			children = (
				0EC20D822C6346850063503B /* ProfileView.swift */,
			);
			path = View;
			sourceTree = "<group>";
		};
		0EC20D842C63468D0063503B /* View */ = {
			isa = PBXGroup;
			children = (
				0EC20D5F2C6344000063503B /* ContentView.swift */,
				0EC20DA22C6353D20063503B /* ContainerView.swift */,
			);
			path = View;
			sourceTree = "<group>";
		};
		0EC20D852C6346970063503B /* View */ = {
			isa = PBXGroup;
			children = (
				0EC20D862C63469D0063503B /* ExploreView.swift */,
			);
			path = View;
			sourceTree = "<group>";
		};
		0EC20D882C6346C70063503B /* View */ = {
			isa = PBXGroup;
			children = (
				0EC20D8D2C6346DF0063503B /* RegistrationView.swift */,
			);
			path = View;
			sourceTree = "<group>";
		};
		0EC20D892C6346CC0063503B /* View */ = {
			isa = PBXGroup;
			children = (
				0EC20D8A2C6346D10063503B /* LoginView.swift */,
			);
			path = View;
			sourceTree = "<group>";
		};
		0EC20D8F2C6347010063503B /* View */ = {
			isa = PBXGroup;
			children = (
				0EC20D902C6347090063503B /* ActivityView.swift */,
			);
			path = View;
			sourceTree = "<group>";
		};
		0EC20D962C63475D0063503B /* TabBar */ = {
			isa = PBXGroup;
			children = (
				0EC20D972C6347690063503B /* View */,
			);
			path = TabBar;
			sourceTree = "<group>";
		};
		0EC20D972C6347690063503B /* View */ = {
			isa = PBXGroup;
			children = (
				0EC20D982C63476E0063503B /* TabView.swift */,
			);
			path = View;
			sourceTree = "<group>";
		};
		0EC20D9B2C634CF70063503B /* ViewModel */ = {
			isa = PBXGroup;
			children = (
				0EC20D9D2C634D170063503B /* OnboardingViewModel.swift */,
			);
			path = ViewModel;
			sourceTree = "<group>";
		};
		0EC20D9C2C634CFD0063503B /* Model */ = {
			isa = PBXGroup;
			children = (
				0EC20D9F2C634D260063503B /* OnboardingModel.swift */,
			);
			path = Model;
			sourceTree = "<group>";
		};
		0EC20DA52C6354530063503B /* ViewModel */ = {
			isa = PBXGroup;
			children = (
			);
			path = ViewModel;
			sourceTree = "<group>";
		};
		0EC20DA72C6354620063503B /* View */ = {
			isa = PBXGroup;
			children = (
				0EC20DA82C63546F0063503B /* CreateView.swift */,
			);
			path = View;
			sourceTree = "<group>";
		};
		0EC20DAA2C63549C0063503B /* Components */ = {
			isa = PBXGroup;
			children = (
				0E17FA522C6B60280078318E /* AppLogoView.swift */,
				0E17FA542C6B61000078318E /* AuthenticationHeaderCell.swift */,
				0EC20DAB2C6354CA0063503B /* CircularProfileImageView.swift */,
				0EC9F5792C67562100A6321C /* FullScreenMediaViewer.swift */,
				0E1646762C635A7B00811FAC /* PostCell.swift */,
				0EC9F57B2C675A2F00A6321C /* ScrollMediaView.swift */,
				0E4F7FAC2C6B4E9B00ECE8E3 /* TriggerButton.swift */,
			);
			path = Components;
			sourceTree = "<group>";
		};
		0EC20DB02C6355580063503B /* Model */ = {
			isa = PBXGroup;
			children = (
				0E8315DA2C66A64B00066274 /* Board.swift */,
				0E18CC722C65804900D358D0 /* Post.swift */,
				0EC20DB12C6355730063503B /* User.swift */,
			);
			path = Model;
			sourceTree = "<group>";
		};
		0EC6FB6C2C6816BE00A6513B /* Board */ = {
			isa = PBXGroup;
			children = (
				0EC6FB6D2C6816C500A6513B /* View */,
			);
			path = Board;
			sourceTree = "<group>";
		};
		0EC6FB6D2C6816C500A6513B /* View */ = {
			isa = PBXGroup;
			children = (
				0EC6FB6E2C6816CE00A6513B /* BoardView.swift */,
			);
			path = View;
			sourceTree = "<group>";
		};
		0EDA3C912C748B41004EB089 /* ViewModel */ = {
			isa = PBXGroup;
			children = (
				0EDA3C9A2C748D92004EB089 /* RegistrationViewModel.swift */,
			);
			path = ViewModel;
			sourceTree = "<group>";
		};
		0EDA3C922C748B49004EB089 /* Verify */ = {
			isa = PBXGroup;
			children = (
				0EDA3C942C748B5D004EB089 /* ViewModel */,
				0EDA3C932C748B50004EB089 /* View */,
			);
			path = Verify;
			sourceTree = "<group>";
		};
		0EDA3C932C748B50004EB089 /* View */ = {
			isa = PBXGroup;
			children = (
				0EDA3C952C748B69004EB089 /* VerifyView.swift */,
			);
			path = View;
			sourceTree = "<group>";
		};
		0EDA3C942C748B5D004EB089 /* ViewModel */ = {
			isa = PBXGroup;
			children = (
				0EDA3C972C748B74004EB089 /* VerifyViewModel.swift */,
			);
			path = ViewModel;
			sourceTree = "<group>";
		};
		0EDA3C9D2C74A0D9004EB089 /* CompletedRegistration */ = {
			isa = PBXGroup;
			children = (
				0EDA3C9E2C74A0E3004EB089 /* View */,
			);
			path = CompletedRegistration;
			sourceTree = "<group>";
		};
		0EDA3C9E2C74A0E3004EB089 /* View */ = {
			isa = PBXGroup;
			children = (
				0EDA3C9F2C74A0F4004EB089 /* CompletedRegistrationView.swift */,
			);
			path = View;
			sourceTree = "<group>";
		};
		0EDA3CA12C74A57E004EB089 /* ViewModel */ = {
			isa = PBXGroup;
			children = (
				0EDA3CA22C74A598004EB089 /* LoginViewModel.swift */,
			);
			path = ViewModel;
			sourceTree = "<group>";
		};
		0EED79B72C75C7CB003E7536 /* ChangePassword */ = {
			isa = PBXGroup;
			children = (
				0EED79B92C75C7E0003E7536 /* View */,
				0EED79B82C75C7D9003E7536 /* ViewModel */,
			);
			path = ChangePassword;
			sourceTree = "<group>";
		};
		0EED79B82C75C7D9003E7536 /* ViewModel */ = {
			isa = PBXGroup;
			children = (
				0EED79BD2C75C7FE003E7536 /* ChangePasswordViewModel.swift */,
			);
			path = ViewModel;
			sourceTree = "<group>";
		};
		0EED79B92C75C7E0003E7536 /* View */ = {
			isa = PBXGroup;
			children = (
				0EED79BA2C75C7EE003E7536 /* ChangePasswordView.swift */,
			);
			path = View;
			sourceTree = "<group>";
		};
		0EFF6E482C6BFA020054A4DA /* AppIcon */ = {
			isa = PBXGroup;
			children = (
				0EFF6E4A2C6BFA120054A4DA /* View */,
				0EFF6E4E2C6C06740054A4DA /* ViewModel */,
			);
			path = AppIcon;
			sourceTree = "<group>";
		};
		0EFF6E4A2C6BFA120054A4DA /* View */ = {
			isa = PBXGroup;
			children = (
				0EFF6E4B2C6BFA310054A4DA /* AppIconView.swift */,
			);
			path = View;
			sourceTree = "<group>";
		};
		0EFF6E4E2C6C06740054A4DA /* ViewModel */ = {
			isa = PBXGroup;
			children = (
				0EFF6E4F2C6C06830054A4DA /* AppIconViewModel.swift */,
			);
			path = ViewModel;
			sourceTree = "<group>";
		};
/* End PBXGroup section */

/* Begin PBXNativeTarget section */
		0EC20D592C6344000063503B /* We */ = {
			isa = PBXNativeTarget;
			buildConfigurationList = 0EC20D692C6344010063503B /* Build configuration list for PBXNativeTarget "We" */;
			buildPhases = (
				0EC20D562C6344000063503B /* Sources */,
				0EC20D572C6344000063503B /* Frameworks */,
				0EC20D582C6344000063503B /* Resources */,
			);
			buildRules = (
			);
			dependencies = (
			);
			name = We;
			packageProductDependencies = (
				0EC20DAE2C6354E40063503B /* Kingfisher */,
			);
			productName = We;
			productReference = 0EC20D5A2C6344000063503B /* We.app */;
			productType = "com.apple.product-type.application";
		};
/* End PBXNativeTarget section */

/* Begin PBXProject section */
		0EC20D522C6344000063503B /* Project object */ = {
			isa = PBXProject;
			attributes = {
				BuildIndependentTargetsInParallel = 1;
				LastSwiftUpdateCheck = 1540;
				LastUpgradeCheck = 1540;
				TargetAttributes = {
					0EC20D592C6344000063503B = {
						CreatedOnToolsVersion = 15.4;
					};
				};
			};
			buildConfigurationList = 0EC20D552C6344000063503B /* Build configuration list for PBXProject "We" */;
			compatibilityVersion = "Xcode 14.0";
			developmentRegion = en;
			hasScannedForEncodings = 0;
			knownRegions = (
				en,
				Base,
			);
			mainGroup = 0EC20D512C6344000063503B;
			packageReferences = (
				0EC20DAD2C6354E40063503B /* XCRemoteSwiftPackageReference "Kingfisher" */,
			);
			productRefGroup = 0EC20D5B2C6344000063503B /* Products */;
			projectDirPath = "";
			projectRoot = "";
			targets = (
				0EC20D592C6344000063503B /* We */,
			);
		};
/* End PBXProject section */

/* Begin PBXResourcesBuildPhase section */
		0EC20D582C6344000063503B /* Resources */ = {
			isa = PBXResourcesBuildPhase;
			buildActionMask = 2147483647;
			files = (
				0EC20D662C6344010063503B /* Preview Assets.xcassets in Resources */,
				0EC20D622C6344010063503B /* Assets.xcassets in Resources */,
			);
			runOnlyForDeploymentPostprocessing = 0;
		};
/* End PBXResourcesBuildPhase section */

/* Begin PBXSourcesBuildPhase section */
		0EC20D562C6344000063503B /* Sources */ = {
			isa = PBXSourcesBuildPhase;
			buildActionMask = 2147483647;
			files = (
				0EC20D602C6344000063503B /* ContentView.swift in Sources */,
				0E37C85A2C684328003787BD /* BoardsView.swift in Sources */,
				0EDA3C902C748B23004EB089 /* AuthenticationViewModel.swift in Sources */,
				0EC9F57C2C675A2F00A6321C /* ScrollMediaView.swift in Sources */,
				0EC20D8B2C6346D10063503B /* LoginView.swift in Sources */,
				0EC20D7E2C63465E0063503B /* HomeView.swift in Sources */,
				0EC20D832C6346850063503B /* ProfileView.swift in Sources */,
				0EED79BB2C75C7EE003E7536 /* ChangePasswordView.swift in Sources */,
				0EC20DA92C63546F0063503B /* CreateView.swift in Sources */,
				0EDA3CA32C74A598004EB089 /* LoginViewModel.swift in Sources */,
				0EC6FB6F2C6816CE00A6513B /* BoardView.swift in Sources */,
				0E16468E2C63688600811FAC /* PostView.swift in Sources */,
				0EC20DA02C634D260063503B /* OnboardingModel.swift in Sources */,
				0EBACDA72C69874B00055CC6 /* AuthenticationView.swift in Sources */,
				0E17FA532C6B60280078318E /* AppLogoView.swift in Sources */,
				0EC20DA32C6353D20063503B /* ContainerView.swift in Sources */,
				0EC20D932C63472D0063503B /* LaunchScreenView.swift in Sources */,
				0EC20D9E2C634D170063503B /* OnboardingViewModel.swift in Sources */,
				0E17FA552C6B61010078318E /* AuthenticationHeaderCell.swift in Sources */,
				0E17FA512C6B5D080078318E /* LaunchScreenViewModel.swift in Sources */,
				0EFF6E4C2C6BFA310054A4DA /* AppIconView.swift in Sources */,
				0EC9F57A2C67562100A6321C /* FullScreenMediaViewer.swift in Sources */,
				0EC20D912C6347090063503B /* ActivityView.swift in Sources */,
				0EDA3CA02C74A0F4004EB089 /* CompletedRegistrationView.swift in Sources */,
				0EDA3C962C748B69004EB089 /* VerifyView.swift in Sources */,
				0EC20D872C63469D0063503B /* ExploreView.swift in Sources */,
				0EED79BE2C75C7FE003E7536 /* ChangePasswordViewModel.swift in Sources */,
				0E1646772C635A7B00811FAC /* PostCell.swift in Sources */,
				0E8315DB2C66A64B00066274 /* Board.swift in Sources */,
				0EDA3C9B2C748D92004EB089 /* RegistrationViewModel.swift in Sources */,
				0EDA3C982C748B74004EB089 /* VerifyViewModel.swift in Sources */,
				0EC20D5E2C6344000063503B /* WeApp.swift in Sources */,
				0EC20DAC2C6354CA0063503B /* CircularProfileImageView.swift in Sources */,
				0EC20DB22C6355730063503B /* User.swift in Sources */,
				0E4F7FAD2C6B4E9B00ECE8E3 /* TriggerButton.swift in Sources */,
				0E18CC732C65804900D358D0 /* Post.swift in Sources */,
				0E37C8582C683645003787BD /* CreateBoard.swift in Sources */,
				0EFF6E502C6C06830054A4DA /* AppIconViewModel.swift in Sources */,
				0EC20D8E2C6346DF0063503B /* RegistrationView.swift in Sources */,
				0EC20D992C63476E0063503B /* TabView.swift in Sources */,
				0EC20D952C6347390063503B /* OnboardingView.swift in Sources */,
			);
			runOnlyForDeploymentPostprocessing = 0;
		};
/* End PBXSourcesBuildPhase section */

/* Begin XCBuildConfiguration section */
		0EC20D672C6344010063503B /* Debug */ = {
			isa = XCBuildConfiguration;
			buildSettings = {
				ALWAYS_SEARCH_USER_PATHS = NO;
				ASSETCATALOG_COMPILER_GENERATE_SWIFT_ASSET_SYMBOL_EXTENSIONS = YES;
				CLANG_ANALYZER_NONNULL = YES;
				CLANG_ANALYZER_NUMBER_OBJECT_CONVERSION = YES_AGGRESSIVE;
				CLANG_CXX_LANGUAGE_STANDARD = "gnu++20";
				CLANG_ENABLE_MODULES = YES;
				CLANG_ENABLE_OBJC_ARC = YES;
				CLANG_ENABLE_OBJC_WEAK = YES;
				CLANG_WARN_BLOCK_CAPTURE_AUTORELEASING = YES;
				CLANG_WARN_BOOL_CONVERSION = YES;
				CLANG_WARN_COMMA = YES;
				CLANG_WARN_CONSTANT_CONVERSION = YES;
				CLANG_WARN_DEPRECATED_OBJC_IMPLEMENTATIONS = YES;
				CLANG_WARN_DIRECT_OBJC_ISA_USAGE = YES_ERROR;
				CLANG_WARN_DOCUMENTATION_COMMENTS = YES;
				CLANG_WARN_EMPTY_BODY = YES;
				CLANG_WARN_ENUM_CONVERSION = YES;
				CLANG_WARN_INFINITE_RECURSION = YES;
				CLANG_WARN_INT_CONVERSION = YES;
				CLANG_WARN_NON_LITERAL_NULL_CONVERSION = YES;
				CLANG_WARN_OBJC_IMPLICIT_RETAIN_SELF = YES;
				CLANG_WARN_OBJC_LITERAL_CONVERSION = YES;
				CLANG_WARN_OBJC_ROOT_CLASS = YES_ERROR;
				CLANG_WARN_QUOTED_INCLUDE_IN_FRAMEWORK_HEADER = YES;
				CLANG_WARN_RANGE_LOOP_ANALYSIS = YES;
				CLANG_WARN_STRICT_PROTOTYPES = YES;
				CLANG_WARN_SUSPICIOUS_MOVE = YES;
				CLANG_WARN_UNGUARDED_AVAILABILITY = YES_AGGRESSIVE;
				CLANG_WARN_UNREACHABLE_CODE = YES;
				CLANG_WARN__DUPLICATE_METHOD_MATCH = YES;
				COPY_PHASE_STRIP = NO;
				DEBUG_INFORMATION_FORMAT = dwarf;
				ENABLE_STRICT_OBJC_MSGSEND = YES;
				ENABLE_TESTABILITY = YES;
				ENABLE_USER_SCRIPT_SANDBOXING = YES;
				GCC_C_LANGUAGE_STANDARD = gnu17;
				GCC_DYNAMIC_NO_PIC = NO;
				GCC_NO_COMMON_BLOCKS = YES;
				GCC_OPTIMIZATION_LEVEL = 0;
				GCC_PREPROCESSOR_DEFINITIONS = (
					"DEBUG=1",
					"$(inherited)",
				);
				GCC_WARN_64_TO_32_BIT_CONVERSION = YES;
				GCC_WARN_ABOUT_RETURN_TYPE = YES_ERROR;
				GCC_WARN_UNDECLARED_SELECTOR = YES;
				GCC_WARN_UNINITIALIZED_AUTOS = YES_AGGRESSIVE;
				GCC_WARN_UNUSED_FUNCTION = YES;
				GCC_WARN_UNUSED_VARIABLE = YES;
				LOCALIZATION_PREFERS_STRING_CATALOGS = YES;
				MTL_ENABLE_DEBUG_INFO = INCLUDE_SOURCE;
				MTL_FAST_MATH = YES;
				ONLY_ACTIVE_ARCH = YES;
				SWIFT_ACTIVE_COMPILATION_CONDITIONS = "DEBUG $(inherited)";
				SWIFT_OPTIMIZATION_LEVEL = "-Onone";
			};
			name = Debug;
		};
		0EC20D682C6344010063503B /* Release */ = {
			isa = XCBuildConfiguration;
			buildSettings = {
				ALWAYS_SEARCH_USER_PATHS = NO;
				ASSETCATALOG_COMPILER_GENERATE_SWIFT_ASSET_SYMBOL_EXTENSIONS = YES;
				CLANG_ANALYZER_NONNULL = YES;
				CLANG_ANALYZER_NUMBER_OBJECT_CONVERSION = YES_AGGRESSIVE;
				CLANG_CXX_LANGUAGE_STANDARD = "gnu++20";
				CLANG_ENABLE_MODULES = YES;
				CLANG_ENABLE_OBJC_ARC = YES;
				CLANG_ENABLE_OBJC_WEAK = YES;
				CLANG_WARN_BLOCK_CAPTURE_AUTORELEASING = YES;
				CLANG_WARN_BOOL_CONVERSION = YES;
				CLANG_WARN_COMMA = YES;
				CLANG_WARN_CONSTANT_CONVERSION = YES;
				CLANG_WARN_DEPRECATED_OBJC_IMPLEMENTATIONS = YES;
				CLANG_WARN_DIRECT_OBJC_ISA_USAGE = YES_ERROR;
				CLANG_WARN_DOCUMENTATION_COMMENTS = YES;
				CLANG_WARN_EMPTY_BODY = YES;
				CLANG_WARN_ENUM_CONVERSION = YES;
				CLANG_WARN_INFINITE_RECURSION = YES;
				CLANG_WARN_INT_CONVERSION = YES;
				CLANG_WARN_NON_LITERAL_NULL_CONVERSION = YES;
				CLANG_WARN_OBJC_IMPLICIT_RETAIN_SELF = YES;
				CLANG_WARN_OBJC_LITERAL_CONVERSION = YES;
				CLANG_WARN_OBJC_ROOT_CLASS = YES_ERROR;
				CLANG_WARN_QUOTED_INCLUDE_IN_FRAMEWORK_HEADER = YES;
				CLANG_WARN_RANGE_LOOP_ANALYSIS = YES;
				CLANG_WARN_STRICT_PROTOTYPES = YES;
				CLANG_WARN_SUSPICIOUS_MOVE = YES;
				CLANG_WARN_UNGUARDED_AVAILABILITY = YES_AGGRESSIVE;
				CLANG_WARN_UNREACHABLE_CODE = YES;
				CLANG_WARN__DUPLICATE_METHOD_MATCH = YES;
				COPY_PHASE_STRIP = NO;
				DEBUG_INFORMATION_FORMAT = "dwarf-with-dsym";
				ENABLE_NS_ASSERTIONS = NO;
				ENABLE_STRICT_OBJC_MSGSEND = YES;
				ENABLE_USER_SCRIPT_SANDBOXING = YES;
				GCC_C_LANGUAGE_STANDARD = gnu17;
				GCC_NO_COMMON_BLOCKS = YES;
				GCC_WARN_64_TO_32_BIT_CONVERSION = YES;
				GCC_WARN_ABOUT_RETURN_TYPE = YES_ERROR;
				GCC_WARN_UNDECLARED_SELECTOR = YES;
				GCC_WARN_UNINITIALIZED_AUTOS = YES_AGGRESSIVE;
				GCC_WARN_UNUSED_FUNCTION = YES;
				GCC_WARN_UNUSED_VARIABLE = YES;
				LOCALIZATION_PREFERS_STRING_CATALOGS = YES;
				MTL_ENABLE_DEBUG_INFO = NO;
				MTL_FAST_MATH = YES;
				SWIFT_COMPILATION_MODE = wholemodule;
			};
			name = Release;
		};
		0EC20D6A2C6344010063503B /* Debug */ = {
			isa = XCBuildConfiguration;
			buildSettings = {
				ASSETCATALOG_COMPILER_ALTERNATE_APPICON_NAMES = "Pillars of Trust Dark";
				ASSETCATALOG_COMPILER_APPICON_NAME = "Pillars of Trust Light";
				ASSETCATALOG_COMPILER_GLOBAL_ACCENT_COLOR_NAME = AccentColor;
				ASSETCATALOG_COMPILER_INCLUDE_ALL_APPICON_ASSETS = YES;
				CODE_SIGN_ENTITLEMENTS = We/We.entitlements;
				CODE_SIGN_STYLE = Automatic;
				CURRENT_PROJECT_VERSION = 1;
				DEVELOPMENT_ASSET_PATHS = "\"We/Preview Content\"";
				DEVELOPMENT_TEAM = FJJB79XVG4;
				ENABLE_HARDENED_RUNTIME = YES;
				ENABLE_PREVIEWS = YES;
				GENERATE_INFOPLIST_FILE = YES;
				INFOPLIST_KEY_CFBundleDisplayName = We;
				INFOPLIST_KEY_LSApplicationCategoryType = "public.app-category.social-networking";
				INFOPLIST_KEY_NSFaceIDUsageDescription = "Please authenticate yourself to unlock We";
				"INFOPLIST_KEY_UIApplicationSceneManifest_Generation[sdk=iphoneos*]" = YES;
				"INFOPLIST_KEY_UIApplicationSceneManifest_Generation[sdk=iphonesimulator*]" = YES;
				"INFOPLIST_KEY_UIApplicationSupportsIndirectInputEvents[sdk=iphoneos*]" = YES;
				"INFOPLIST_KEY_UIApplicationSupportsIndirectInputEvents[sdk=iphonesimulator*]" = YES;
				"INFOPLIST_KEY_UILaunchScreen_Generation[sdk=iphoneos*]" = YES;
				"INFOPLIST_KEY_UILaunchScreen_Generation[sdk=iphonesimulator*]" = YES;
				"INFOPLIST_KEY_UIStatusBarStyle[sdk=iphoneos*]" = UIStatusBarStyleDefault;
				"INFOPLIST_KEY_UIStatusBarStyle[sdk=iphonesimulator*]" = UIStatusBarStyleDefault;
				INFOPLIST_KEY_UISupportedInterfaceOrientations_iPad = "UIInterfaceOrientationPortrait UIInterfaceOrientationPortraitUpsideDown UIInterfaceOrientationLandscapeLeft UIInterfaceOrientationLandscapeRight";
				INFOPLIST_KEY_UISupportedInterfaceOrientations_iPhone = "UIInterfaceOrientationPortrait UIInterfaceOrientationLandscapeLeft UIInterfaceOrientationLandscapeRight";
				IPHONEOS_DEPLOYMENT_TARGET = 16.1;
				LD_RUNPATH_SEARCH_PATHS = "@executable_path/Frameworks";
				"LD_RUNPATH_SEARCH_PATHS[sdk=macosx*]" = "@executable_path/../Frameworks";
				MACOSX_DEPLOYMENT_TARGET = 14.5s;
				MARKETING_VERSION = 1.0;
				PRODUCT_BUNDLE_IDENTIFIER = com.ompreetham.We;
				PRODUCT_NAME = "$(TARGET_NAME)";
				SDKROOT = auto;
				SUPPORTED_PLATFORMS = "iphoneos iphonesimulator";
				SUPPORTS_MACCATALYST = NO;
				SUPPORTS_MAC_DESIGNED_FOR_IPHONE_IPAD = YES;
				SWIFT_EMIT_LOC_STRINGS = YES;
				SWIFT_VERSION = 5.0;
				TARGETED_DEVICE_FAMILY = "1,2";
			};
			name = Debug;
		};
		0EC20D6B2C6344010063503B /* Release */ = {
			isa = XCBuildConfiguration;
			buildSettings = {
				ASSETCATALOG_COMPILER_ALTERNATE_APPICON_NAMES = "Pillars of Trust Dark";
				ASSETCATALOG_COMPILER_APPICON_NAME = "Pillars of Trust Light";
				ASSETCATALOG_COMPILER_GLOBAL_ACCENT_COLOR_NAME = AccentColor;
				ASSETCATALOG_COMPILER_INCLUDE_ALL_APPICON_ASSETS = YES;
				CODE_SIGN_ENTITLEMENTS = We/We.entitlements;
				CODE_SIGN_STYLE = Automatic;
				CURRENT_PROJECT_VERSION = 1;
				DEVELOPMENT_ASSET_PATHS = "\"We/Preview Content\"";
				DEVELOPMENT_TEAM = FJJB79XVG4;
				ENABLE_HARDENED_RUNTIME = YES;
				ENABLE_PREVIEWS = YES;
				GENERATE_INFOPLIST_FILE = YES;
				INFOPLIST_KEY_CFBundleDisplayName = We;
				INFOPLIST_KEY_LSApplicationCategoryType = "public.app-category.social-networking";
				INFOPLIST_KEY_NSFaceIDUsageDescription = "Please authenticate yourself to unlock We";
				"INFOPLIST_KEY_UIApplicationSceneManifest_Generation[sdk=iphoneos*]" = YES;
				"INFOPLIST_KEY_UIApplicationSceneManifest_Generation[sdk=iphonesimulator*]" = YES;
				"INFOPLIST_KEY_UIApplicationSupportsIndirectInputEvents[sdk=iphoneos*]" = YES;
				"INFOPLIST_KEY_UIApplicationSupportsIndirectInputEvents[sdk=iphonesimulator*]" = YES;
				"INFOPLIST_KEY_UILaunchScreen_Generation[sdk=iphoneos*]" = YES;
				"INFOPLIST_KEY_UILaunchScreen_Generation[sdk=iphonesimulator*]" = YES;
				"INFOPLIST_KEY_UIStatusBarStyle[sdk=iphoneos*]" = UIStatusBarStyleDefault;
				"INFOPLIST_KEY_UIStatusBarStyle[sdk=iphonesimulator*]" = UIStatusBarStyleDefault;
				INFOPLIST_KEY_UISupportedInterfaceOrientations_iPad = "UIInterfaceOrientationPortrait UIInterfaceOrientationPortraitUpsideDown UIInterfaceOrientationLandscapeLeft UIInterfaceOrientationLandscapeRight";
				INFOPLIST_KEY_UISupportedInterfaceOrientations_iPhone = "UIInterfaceOrientationPortrait UIInterfaceOrientationLandscapeLeft UIInterfaceOrientationLandscapeRight";
				IPHONEOS_DEPLOYMENT_TARGET = 16.1;
				LD_RUNPATH_SEARCH_PATHS = "@executable_path/Frameworks";
				"LD_RUNPATH_SEARCH_PATHS[sdk=macosx*]" = "@executable_path/../Frameworks";
				MACOSX_DEPLOYMENT_TARGET = 14.5s;
				MARKETING_VERSION = 1.0;
				PRODUCT_BUNDLE_IDENTIFIER = com.ompreetham.We;
				PRODUCT_NAME = "$(TARGET_NAME)";
				SDKROOT = auto;
				SUPPORTED_PLATFORMS = "iphoneos iphonesimulator";
				SUPPORTS_MACCATALYST = NO;
				SUPPORTS_MAC_DESIGNED_FOR_IPHONE_IPAD = YES;
				SWIFT_EMIT_LOC_STRINGS = YES;
				SWIFT_VERSION = 5.0;
				TARGETED_DEVICE_FAMILY = "1,2";
			};
			name = Release;
		};
/* End XCBuildConfiguration section */

/* Begin XCConfigurationList section */
		0EC20D552C6344000063503B /* Build configuration list for PBXProject "We" */ = {
			isa = XCConfigurationList;
			buildConfigurations = (
				0EC20D672C6344010063503B /* Debug */,
				0EC20D682C6344010063503B /* Release */,
			);
			defaultConfigurationIsVisible = 0;
			defaultConfigurationName = Release;
		};
		0EC20D692C6344010063503B /* Build configuration list for PBXNativeTarget "We" */ = {
			isa = XCConfigurationList;
			buildConfigurations = (
				0EC20D6A2C6344010063503B /* Debug */,
				0EC20D6B2C6344010063503B /* Release */,
			);
			defaultConfigurationIsVisible = 0;
			defaultConfigurationName = Release;
		};
/* End XCConfigurationList section */

/* Begin XCRemoteSwiftPackageReference section */
		0EC20DAD2C6354E40063503B /* XCRemoteSwiftPackageReference "Kingfisher" */ = {
			isa = XCRemoteSwiftPackageReference;
			repositoryURL = "https://github.com/onevcat/Kingfisher";
			requirement = {
				kind = upToNextMajorVersion;
				minimumVersion = 7.12.0;
			};
		};
/* End XCRemoteSwiftPackageReference section */

/* Begin XCSwiftPackageProductDependency section */
		0EC20DAE2C6354E40063503B /* Kingfisher */ = {
			isa = XCSwiftPackageProductDependency;
			package = 0EC20DAD2C6354E40063503B /* XCRemoteSwiftPackageReference "Kingfisher" */;
			productName = Kingfisher;
		};
/* End XCSwiftPackageProductDependency section */
	};
	rootObject = 0EC20D522C6344000063503B /* Project object */;
}
